{
  "name": "zerion-cli",
  "version": "0.3.0",
  "lockfileVersion": 3,
  "requires": true,
  "packages": {
    "": {
      "name": "zerion-cli",
      "version": "0.3.0",
      "license": "MIT",
      "dependencies": {
        "@x402/evm": "^2.6.0",
        "@x402/fetch": "^2.6.0",
        "@x402/svm": "^2.8.0",
        "viem": "^2.0.0"
      },
      "bin": {
        "zerion-cli": "cli/zerion-cli.js"
      },
      "engines": {
        "node": ">=20"
      }
    },
    "node_modules/@adraffy/ens-normalize": {
      "version": "1.11.1",
      "resolved": "https://registry.npmjs.org/@adraffy/ens-normalize/-/ens-normalize-1.11.1.tgz",
      "integrity": "sha512-nhCBV3quEgesuf7c7KYfperqSS14T8bYuvJ8PcLJp6znkZpFc0AuW4qBtr8eKVyPPe/8RSr7sglCWPU5eaxwKQ==",
      "license": "MIT"
    },
    "node_modules/@noble/ciphers": {
      "version": "1.3.0",
      "resolved": "https://registry.npmjs.org/@noble/ciphers/-/ciphers-1.3.0.tgz",
      "integrity": "sha512-2I0gnIVPtfnMw9ee9h1dJG7tp81+8Ob3OJb3Mv37rx5L40/b0i7djjCVvGOVqc9AEIQyvyu1i6ypKdFw8R8gQw==",
      "license": "MIT",
      "engines": {
        "node": "^14.21.3 || >=16"
      },
      "funding": {
        "url": "https://paulmillr.com/funding/"
      }
    },
    "node_modules/@noble/curves": {
      "version": "1.9.1",
      "resolved": "https://registry.npmjs.org/@noble/curves/-/curves-1.9.1.tgz",
      "integrity": "sha512-k11yZxZg+t+gWvBbIswW0yoJlu8cHOC7dhunwOzoWH/mXGBiYyR4YY6hAEK/3EUs4UpB8la1RfdRpeGsFHkWsA==",
      "license": "MIT",
      "dependencies": {
        "@noble/hashes": "1.8.0"
      },
      "engines": {
        "node": "^14.21.3 || >=16"
      },
      "funding": {
        "url": "https://paulmillr.com/funding/"
      }
    },
    "node_modules/@noble/hashes": {
      "version": "1.8.0",
      "resolved": "https://registry.npmjs.org/@noble/hashes/-/hashes-1.8.0.tgz",
      "integrity": "sha512-jCs9ldd7NwzpgXDIf6P3+NrHh9/sD6CQdxHyjQI+h/6rDNo88ypBxxz45UDuZHz9r3tNz7N/VInSVoVdtXEI4A==",
      "license": "MIT",
      "engines": {
        "node": "^14.21.3 || >=16"
      },
      "funding": {
        "url": "https://paulmillr.com/funding/"
      }
    },
    "node_modules/@scure/base": {
      "version": "1.2.6",
      "resolved": "https://registry.npmjs.org/@scure/base/-/base-1.2.6.tgz",
      "integrity": "sha512-g/nm5FgUa//MCj1gV09zTJTaM6KBAHqLN907YVQqf7zC49+DcO4B1so4ZX07Ef10Twr6nuqYEH9GEggFXA4Fmg==",
      "license": "MIT",
      "funding": {
        "url": "https://paulmillr.com/funding/"
      }
    },
    "node_modules/@scure/bip32": {
      "version": "1.7.0",
      "resolved": "https://registry.npmjs.org/@scure/bip32/-/bip32-1.7.0.tgz",
      "integrity": "sha512-E4FFX/N3f4B80AKWp5dP6ow+flD1LQZo/w8UnLGYZO674jS6YnYeepycOOksv+vLPSpgN35wgKgy+ybfTb2SMw==",
      "license": "MIT",
      "dependencies": {
        "@noble/curves": "~1.9.0",
        "@noble/hashes": "~1.8.0",
        "@scure/base": "~1.2.5"
      },
      "funding": {
        "url": "https://paulmillr.com/funding/"
      }
    },
    "node_modules/@scure/bip39": {
      "version": "1.6.0",
      "resolved": "https://registry.npmjs.org/@scure/bip39/-/bip39-1.6.0.tgz",
      "integrity": "sha512-+lF0BbLiJNwVlev4eKelw1WWLaiKXw7sSl8T6FvBlWkdX+94aGJ4o8XjUdlyhTCjd8c+B3KT3JfS8P0bLRNU6A==",
      "license": "MIT",
      "dependencies": {
        "@noble/hashes": "~1.8.0",
        "@scure/base": "~1.2.5"
      },
      "funding": {
        "url": "https://paulmillr.com/funding/"
      }
    },
    "node_modules/@solana-program/compute-budget": {
      "version": "0.11.0",
      "resolved": "https://registry.npmjs.org/@solana-program/compute-budget/-/compute-budget-0.11.0.tgz",
      "integrity": "sha512-7f1ePqB/eURkTwTOO9TNIdUXZcyrZoX3Uy2hNo7cXMfNhPFWp9AVgIyRNBc2jf15sdUa9gNpW+PfP2iV8AYAaw==",
      "license": "Apache-2.0",
      "peerDependencies": {
        "@solana/kit": "^5.0"
      }
    },
    "node_modules/@solana-program/token": {
      "version": "0.9.0",
      "resolved": "https://registry.npmjs.org/@solana-program/token/-/token-0.9.0.tgz",
      "integrity": "sha512-vnZxndd4ED4Fc56sw93cWZ2djEeeOFxtaPS8SPf5+a+JZjKA/EnKqzbE1y04FuMhIVrLERQ8uR8H2h72eZzlsA==",
      "license": "Apache-2.0",
      "peerDependencies": {
        "@solana/kit": "^5.0"
      }
    },
    "node_modules/@solana-program/token-2022": {
      "version": "0.6.1",
      "resolved": "https://registry.npmjs.org/@solana-program/token-2022/-/token-2022-0.6.1.tgz",
      "integrity": "sha512-Ex02cruDMGfBMvZZCrggVR45vdQQSI/unHVpt/7HPt/IwFYB4eTlXtO8otYZyqV/ce5GqZ8S6uwyRf0zy6fdbA==",
      "license": "Apache-2.0",
      "peerDependencies": {
        "@solana/kit": "^5.0",
        "@solana/sysvars": "^5.0"
      }
    },
    "node_modules/@solana/accounts": {
      "version": "5.5.1",
      "resolved": "https://registry.npmjs.org/@solana/accounts/-/accounts-5.5.1.tgz",
      "integrity": "sha512-TfOY9xixg5rizABuLVuZ9XI2x2tmWUC/OoN556xwfDlhBHBjKfszicYYOyD6nbFmwTGYarCmyGIdteXxTXIdhQ==",
      "license": "MIT",
      "peer": true,
      "dependencies": {
        "@solana/addresses": "5.5.1",
        "@solana/codecs-core": "5.5.1",
        "@solana/codecs-strings": "5.5.1",
        "@solana/errors": "5.5.1",
        "@solana/rpc-spec": "5.5.1",
        "@solana/rpc-types": "5.5.1"
      },
      "engines": {
        "node": ">=20.18.0"
      },
      "peerDependencies": {
        "typescript": "^5.0.0"
      },
      "peerDependenciesMeta": {
        "typescript": {
          "optional": true
        }
      }
    },
    "node_modules/@solana/addresses": {
      "version": "5.5.1",
      "resolved": "https://registry.npmjs.org/@solana/addresses/-/addresses-5.5.1.tgz",
      "integrity": "sha512-5xoah3Q9G30HQghu/9BiHLb5pzlPKRC3zydQDmE3O9H//WfayxTFppsUDCL6FjYUHqj/wzK6CWHySglc2RkpdA==",
      "license": "MIT",
      "peer": true,
      "dependencies": {
        "@solana/assertions": "5.5.1",
        "@solana/codecs-core": "5.5.1",
        "@solana/codecs-strings": "5.5.1",
        "@solana/errors": "5.5.1",
        "@solana/nominal-types": "5.5.1"
      },
      "engines": {
        "node": ">=20.18.0"
      },
      "peerDependencies": {
        "typescript": "^5.0.0"
      },
      "peerDependenciesMeta": {
        "typescript": {
          "optional": true
        }
      }
    },
    "node_modules/@solana/assertions": {
      "version": "5.5.1",
      "resolved": "https://registry.npmjs.org/@solana/assertions/-/assertions-5.5.1.tgz",
      "integrity": "sha512-YTCSWAlGwSlVPnWtWLm3ukz81wH4j2YaCveK+TjpvUU88hTy6fmUqxi0+hvAMAe4zKXpJyj3Az7BrLJRxbIm4Q==",
      "license": "MIT",
      "peer": true,
      "dependencies": {
        "@solana/errors": "5.5.1"
      },
      "engines": {
        "node": ">=20.18.0"
      },
      "peerDependencies": {
        "typescript": "^5.0.0"
      },
      "peerDependenciesMeta": {
        "typescript": {
          "optional": true
        }
      }
    },
    "node_modules/@solana/codecs": {
      "version": "5.5.1",
      "resolved": "https://registry.npmjs.org/@solana/codecs/-/codecs-5.5.1.tgz",
      "integrity": "sha512-Vea29nJub/bXjfzEV7ZZQ/PWr1pYLZo3z0qW0LQL37uKKVzVFRQlwetd7INk3YtTD3xm9WUYr7bCvYUk3uKy2g==",
      "license": "MIT",
      "peer": true,
      "dependencies": {
        "@solana/codecs-core": "5.5.1",
        "@solana/codecs-data-structures": "5.5.1",
        "@solana/codecs-numbers": "5.5.1",
        "@solana/codecs-strings": "5.5.1",
        "@solana/options": "5.5.1"
      },
      "engines": {
        "node": ">=20.18.0"
      },
      "peerDependencies": {
        "typescript": "^5.0.0"
      },
      "peerDependenciesMeta": {
        "typescript": {
          "optional": true
        }
      }
    },
    "node_modules/@solana/codecs-core": {
      "version": "5.5.1",
      "resolved": "https://registry.npmjs.org/@solana/codecs-core/-/codecs-core-5.5.1.tgz",
      "integrity": "sha512-TgBt//bbKBct0t6/MpA8ElaOA3sa8eYVvR7LGslCZ84WiAwwjCY0lW/lOYsFHJQzwREMdUyuEyy5YWBKtdh8Rw==",
      "license": "MIT",
      "peer": true,
      "dependencies": {
        "@solana/errors": "5.5.1"
      },
      "engines": {
        "node": ">=20.18.0"
      },
      "peerDependencies": {
        "typescript": "^5.0.0"
      },
      "peerDependenciesMeta": {
        "typescript": {
          "optional": true
        }
      }
    },
    "node_modules/@solana/codecs-data-structures": {
      "version": "5.5.1",
      "resolved": "https://registry.npmjs.org/@solana/codecs-data-structures/-/codecs-data-structures-5.5.1.tgz",
      "integrity": "sha512-97bJWGyUY9WvBz3mX1UV3YPWGDTez6btCfD0ip3UVEXJbItVuUiOkzcO5iFDUtQT5riKT6xC+Mzl+0nO76gd0w==",
      "license": "MIT",
      "peer": true,
      "dependencies": {
        "@solana/codecs-core": "5.5.1",
        "@solana/codecs-numbers": "5.5.1",
        "@solana/errors": "5.5.1"
      },
      "engines": {
        "node": ">=20.18.0"
      },
      "peerDependencies": {
        "typescript": "^5.0.0"
      },
      "peerDependenciesMeta": {
        "typescript": {
          "optional": true
        }
      }
    },
    "node_modules/@solana/codecs-numbers": {
      "version": "5.5.1",
      "resolved": "https://registry.npmjs.org/@solana/codecs-numbers/-/codecs-numbers-5.5.1.tgz",
      "integrity": "sha512-rllMIZAHqmtvC0HO/dc/21wDuWaD0B8Ryv8o+YtsICQBuiL/0U4AGwH7Pi5GNFySYk0/crSuwfIqQFtmxNSPFw==",
      "license": "MIT",
      "peer": true,
      "dependencies": {
        "@solana/codecs-core": "5.5.1",
        "@solana/errors": "5.5.1"
      },
      "engines": {
        "node": ">=20.18.0"
      },
      "peerDependencies": {
        "typescript": "^5.0.0"
      },
      "peerDependenciesMeta": {
        "typescript": {
          "optional": true
        }
      }
    },
    "node_modules/@solana/codecs-strings": {
      "version": "5.5.1",
      "resolved": "https://registry.npmjs.org/@solana/codecs-strings/-/codecs-strings-5.5.1.tgz",
      "integrity": "sha512-7klX4AhfHYA+uKKC/nxRGP2MntbYQCR3N6+v7bk1W/rSxYuhNmt+FN8aoThSZtWIKwN6BEyR1167ka8Co1+E7A==",
      "license": "MIT",
      "peer": true,
      "dependencies": {
        "@solana/codecs-core": "5.5.1",
        "@solana/codecs-numbers": "5.5.1",
        "@solana/errors": "5.5.1"
      },
      "engines": {
        "node": ">=20.18.0"
      },
      "peerDependencies": {
        "fastestsmallesttextencoderdecoder": "^1.0.22",
        "typescript": "^5.0.0"
      },
      "peerDependenciesMeta": {
        "fastestsmallesttextencoderdecoder": {
          "optional": true
        },
        "typescript": {
          "optional": true
        }
      }
    },
    "node_modules/@solana/errors": {
      "version": "5.5.1",
      "resolved": "https://registry.npmjs.org/@solana/errors/-/errors-5.5.1.tgz",
      "integrity": "sha512-vFO3p+S7HoyyrcAectnXbdsMfwUzY2zYFUc2DEe5BwpiE9J1IAxPBGjOWO6hL1bbYdBrlmjNx8DXCslqS+Kcmg==",
      "license": "MIT",
      "peer": true,
      "dependencies": {
        "chalk": "5.6.2",
        "commander": "14.0.2"
      },
      "bin": {
        "errors": "bin/cli.mjs"
      },
      "engines": {
        "node": ">=20.18.0"
      },
      "peerDependencies": {
        "typescript": "^5.0.0"
      },
      "peerDependenciesMeta": {
        "typescript": {
          "optional": true
        }
      }
    },
    "node_modules/@solana/fast-stable-stringify": {
      "version": "5.5.1",
      "resolved": "https://registry.npmjs.org/@solana/fast-stable-stringify/-/fast-stable-stringify-5.5.1.tgz",
      "integrity": "sha512-Ni7s2FN33zTzhTFgRjEbOVFO+UAmK8qi3Iu0/GRFYK4jN696OjKHnboSQH/EacQ+yGqS54bfxf409wU5dsLLCw==",
      "license": "MIT",
      "peer": true,
      "engines": {
        "node": ">=20.18.0"
      },
      "peerDependencies": {
        "typescript": "^5.0.0"
      },
      "peerDependenciesMeta": {
        "typescript": {
          "optional": true
        }
      }
    },
    "node_modules/@solana/functional": {
      "version": "5.5.1",
      "resolved": "https://registry.npmjs.org/@solana/functional/-/functional-5.5.1.tgz",
      "integrity": "sha512-tTHoJcEQq3gQx5qsdsDJ0LEJeFzwNpXD80xApW9o/PPoCNimI3SALkZl+zNW8VnxRrV3l3yYvfHWBKe/X3WG3w==",
      "license": "MIT",
      "peer": true,
      "engines": {
        "node": ">=20.18.0"
      },
      "peerDependencies": {
        "typescript": "^5.0.0"
      },
      "peerDependenciesMeta": {
        "typescript": {
          "optional": true
        }
      }
    },
    "node_modules/@solana/instruction-plans": {
      "version": "5.5.1",
      "resolved": "https://registry.npmjs.org/@solana/instruction-plans/-/instruction-plans-5.5.1.tgz",
      "integrity": "sha512-7z3CB7YMcFKuVvgcnNY8bY6IsZ8LG61Iytbz7HpNVGX2u1RthOs1tRW8luTzSG1MPL0Ox7afyAVMYeFqSPHnaQ==",
      "license": "MIT",
      "peer": true,
      "dependencies": {
        "@solana/errors": "5.5.1",
        "@solana/instructions": "5.5.1",
        "@solana/keys": "5.5.1",
        "@solana/promises": "5.5.1",
        "@solana/transaction-messages": "5.5.1",
        "@solana/transactions": "5.5.1"
      },
      "engines": {
        "node": ">=20.18.0"
      },
      "peerDependencies": {
        "typescript": "^5.0.0"
      },
      "peerDependenciesMeta": {
        "typescript": {
          "optional": true
        }
      }
    },
    "node_modules/@solana/instructions": {
      "version": "5.5.1",
      "resolved": "https://registry.npmjs.org/@solana/instructions/-/instructions-5.5.1.tgz",
      "integrity": "sha512-h0G1CG6S+gUUSt0eo6rOtsaXRBwCq1+Js2a+Ps9Bzk9q7YHNFA75/X0NWugWLgC92waRp66hrjMTiYYnLBoWOQ==",
      "license": "MIT",
      "peer": true,
      "dependencies": {
        "@solana/codecs-core": "5.5.1",
        "@solana/errors": "5.5.1"
      },
      "engines": {
        "node": ">=20.18.0"
      },
      "peerDependencies": {
        "typescript": "^5.0.0"
      },
      "peerDependenciesMeta": {
        "typescript": {
          "optional": true
        }
      }
    },
    "node_modules/@solana/keys": {
      "version": "5.5.1",
      "resolved": "https://registry.npmjs.org/@solana/keys/-/keys-5.5.1.tgz",
      "integrity": "sha512-KRD61cL7CRL+b4r/eB9dEoVxIf/2EJ1Pm1DmRYhtSUAJD2dJ5Xw8QFuehobOGm9URqQ7gaQl+Fkc1qvDlsWqKg==",
      "license": "MIT",
      "peer": true,
      "dependencies": {
        "@solana/assertions": "5.5.1",
        "@solana/codecs-core": "5.5.1",
        "@solana/codecs-strings": "5.5.1",
        "@solana/errors": "5.5.1",
        "@solana/nominal-types": "5.5.1"
      },
      "engines": {
        "node": ">=20.18.0"
      },
      "peerDependencies": {
        "typescript": "^5.0.0"
      },
      "peerDependenciesMeta": {
        "typescript": {
          "optional": true
        }
      }
    },
    "node_modules/@solana/kit": {
      "version": "5.5.1",
      "resolved": "https://registry.npmjs.org/@solana/kit/-/kit-5.5.1.tgz",
      "integrity": "sha512-irKUGiV2yRoyf+4eGQ/ZeCRxa43yjFEL1DUI5B0DkcfZw3cr0VJtVJnrG8OtVF01vT0OUfYOcUn6zJW5TROHvQ==",
      "license": "MIT",
      "peer": true,
      "dependencies": {
        "@solana/accounts": "5.5.1",
        "@solana/addresses": "5.5.1",
        "@solana/codecs": "5.5.1",
        "@solana/errors": "5.5.1",
        "@solana/functional": "5.5.1",
        "@solana/instruction-plans": "5.5.1",
        "@solana/instructions": "5.5.1",
        "@solana/keys": "5.5.1",
        "@solana/offchain-messages": "5.5.1",
        "@solana/plugin-core": "5.5.1",
        "@solana/programs": "5.5.1",
        "@solana/rpc": "5.5.1",
        "@solana/rpc-api": "5.5.1",
        "@solana/rpc-parsed-types": "5.5.1",
        "@solana/rpc-spec-types": "5.5.1",
        "@solana/rpc-subscriptions": "5.5.1",
        "@solana/rpc-types": "5.5.1",
        "@solana/signers": "5.5.1",
        "@solana/sysvars": "5.5.1",
        "@solana/transaction-confirmation": "5.5.1",
        "@solana/transaction-messages": "5.5.1",
        "@solana/transactions": "5.5.1"
      },
      "engines": {
        "node": ">=20.18.0"
      },
      "peerDependencies": {
        "typescript": "^5.0.0"
      },
      "peerDependenciesMeta": {
        "typescript": {
          "optional": true
        }
      }
    },
    "node_modules/@solana/nominal-types": {
      "version": "5.5.1",
      "resolved": "https://registry.npmjs.org/@solana/nominal-types/-/nominal-types-5.5.1.tgz",
      "integrity": "sha512-I1ImR+kfrLFxN5z22UDiTWLdRZeKtU0J/pkWkO8qm/8WxveiwdIv4hooi8pb6JnlR4mSrWhq0pCIOxDYrL9GIQ==",
      "license": "MIT",
      "peer": true,
      "engines": {
        "node": ">=20.18.0"
      },
      "peerDependencies": {
        "typescript": "^5.0.0"
      },
      "peerDependenciesMeta": {
        "typescript": {
          "optional": true
        }
      }
    },
    "node_modules/@solana/offchain-messages": {
      "version": "5.5.1",
      "resolved": "https://registry.npmjs.org/@solana/offchain-messages/-/offchain-messages-5.5.1.tgz",
      "integrity": "sha512-g+xHH95prTU+KujtbOzj8wn+C7ZNoiLhf3hj6nYq3MTyxOXtBEysguc97jJveUZG0K97aIKG6xVUlMutg5yxhw==",
      "license": "MIT",
      "peer": true,
      "dependencies": {
        "@solana/addresses": "5.5.1",
        "@solana/codecs-core": "5.5.1",
        "@solana/codecs-data-structures": "5.5.1",
        "@solana/codecs-numbers": "5.5.1",
        "@solana/codecs-strings": "5.5.1",
        "@solana/errors": "5.5.1",
        "@solana/keys": "5.5.1",
        "@solana/nominal-types": "5.5.1"
      },
      "engines": {
        "node": ">=20.18.0"
      },
      "peerDependencies": {
        "typescript": "^5.0.0"
      },
      "peerDependenciesMeta": {
        "typescript": {
          "optional": true
        }
      }
    },
    "node_modules/@solana/options": {
      "version": "5.5.1",
      "resolved": "https://registry.npmjs.org/@solana/options/-/options-5.5.1.tgz",
      "integrity": "sha512-eo971c9iLNLmk+yOFyo7yKIJzJ/zou6uKpy6mBuyb/thKtS/haiKIc3VLhyTXty3OH2PW8yOlORJnv4DexJB8A==",
      "license": "MIT",
      "peer": true,
      "dependencies": {
        "@solana/codecs-core": "5.5.1",
        "@solana/codecs-data-structures": "5.5.1",
        "@solana/codecs-numbers": "5.5.1",
        "@solana/codecs-strings": "5.5.1",
        "@solana/errors": "5.5.1"
      },
      "engines": {
        "node": ">=20.18.0"
      },
      "peerDependencies": {
        "typescript": "^5.0.0"
      },
      "peerDependenciesMeta": {
        "typescript": {
          "optional": true
        }
      }
    },
    "node_modules/@solana/plugin-core": {
      "version": "5.5.1",
      "resolved": "https://registry.npmjs.org/@solana/plugin-core/-/plugin-core-5.5.1.tgz",
      "integrity": "sha512-VUZl30lDQFJeiSyNfzU1EjYt2QZvoBFKEwjn1lilUJw7KgqD5z7mbV7diJhT+dLFs36i0OsjXvq5kSygn8YJ3A==",
      "license": "MIT",
      "peer": true,
      "engines": {
        "node": ">=20.18.0"
      },
      "peerDependencies": {
        "typescript": "^5.0.0"
      },
      "peerDependenciesMeta": {
        "typescript": {
          "optional": true
        }
      }
    },
    "node_modules/@solana/programs": {
      "version": "5.5.1",
      "resolved": "https://registry.npmjs.org/@solana/programs/-/programs-5.5.1.tgz",
      "integrity": "sha512-7U9kn0Jsx1NuBLn5HRTFYh78MV4XN145Yc3WP/q5BlqAVNlMoU9coG5IUTJIG847TUqC1lRto3Dnpwm6T4YRpA==",
      "license": "MIT",
      "peer": true,
      "dependencies": {
        "@solana/addresses": "5.5.1",
        "@solana/errors": "5.5.1"
      },
      "engines": {
        "node": ">=20.18.0"
      },
      "peerDependencies": {
        "typescript": "^5.0.0"
      },
      "peerDependenciesMeta": {
        "typescript": {
          "optional": true
        }
      }
    },
    "node_modules/@solana/promises": {
      "version": "5.5.1",
      "resolved": "https://registry.npmjs.org/@solana/promises/-/promises-5.5.1.tgz",
      "integrity": "sha512-T9lfuUYkGykJmppEcssNiCf6yiYQxJkhiLPP+pyAc2z84/7r3UVIb2tNJk4A9sucS66pzJnVHZKcZVGUUp6wzA==",
      "license": "MIT",
      "peer": true,
      "engines": {
        "node": ">=20.18.0"
      },
      "peerDependencies": {
        "typescript": "^5.0.0"
      },
      "peerDependenciesMeta": {
        "typescript": {
          "optional": true
        }
      }
    },
    "node_modules/@solana/rpc": {
      "version": "5.5.1",
      "resolved": "https://registry.npmjs.org/@solana/rpc/-/rpc-5.5.1.tgz",
      "integrity": "sha512-ku8zTUMrkCWci66PRIBC+1mXepEnZH/q1f3ck0kJZ95a06bOTl5KU7HeXWtskkyefzARJ5zvCs54AD5nxjQJ+A==",
      "license": "MIT",
      "peer": true,
      "dependencies": {
        "@solana/errors": "5.5.1",
        "@solana/fast-stable-stringify": "5.5.1",
        "@solana/functional": "5.5.1",
        "@solana/rpc-api": "5.5.1",
        "@solana/rpc-spec": "5.5.1",
        "@solana/rpc-spec-types": "5.5.1",
        "@solana/rpc-transformers": "5.5.1",
        "@solana/rpc-transport-http": "5.5.1",
        "@solana/rpc-types": "5.5.1"
      },
      "engines": {
        "node": ">=20.18.0"
      },
      "peerDependencies": {
        "typescript": "^5.0.0"
      },
      "peerDependenciesMeta": {
        "typescript": {
          "optional": true
        }
      }
    },
    "node_modules/@solana/rpc-api": {
      "version": "5.5.1",
      "resolved": "https://registry.npmjs.org/@solana/rpc-api/-/rpc-api-5.5.1.tgz",
      "integrity": "sha512-XWOQQPhKl06Vj0xi3RYHAc6oEQd8B82okYJ04K7N0Vvy3J4PN2cxeK7klwkjgavdcN9EVkYCChm2ADAtnztKnA==",
      "license": "MIT",
      "peer": true,
      "dependencies": {
        "@solana/addresses": "5.5.1",
        "@solana/codecs-core": "5.5.1",
        "@solana/codecs-strings": "5.5.1",
        "@solana/errors": "5.5.1",
        "@solana/keys": "5.5.1",
        "@solana/rpc-parsed-types": "5.5.1",
        "@solana/rpc-spec": "5.5.1",
        "@solana/rpc-transformers": "5.5.1",
        "@solana/rpc-types": "5.5.1",
        "@solana/transaction-messages": "5.5.1",
        "@solana/transactions": "5.5.1"
      },
      "engines": {
        "node": ">=20.18.0"
      },
      "peerDependencies": {
        "typescript": "^5.0.0"
      },
      "peerDependenciesMeta": {
        "typescript": {
          "optional": true
        }
      }
    },
    "node_modules/@solana/rpc-parsed-types": {
      "version": "5.5.1",
      "resolved": "https://registry.npmjs.org/@solana/rpc-parsed-types/-/rpc-parsed-types-5.5.1.tgz",
      "integrity": "sha512-HEi3G2nZqGEsa3vX6U0FrXLaqnUCg4SKIUrOe8CezD+cSFbRTOn3rCLrUmJrhVyXlHoQVaRO9mmeovk31jWxJg==",
      "license": "MIT",
      "peer": true,
      "engines": {
        "node": ">=20.18.0"
      },
      "peerDependencies": {
        "typescript": "^5.0.0"
      },
      "peerDependenciesMeta": {
        "typescript": {
          "optional": true
        }
      }
    },
    "node_modules/@solana/rpc-spec": {
      "version": "5.5.1",
      "resolved": "https://registry.npmjs.org/@solana/rpc-spec/-/rpc-spec-5.5.1.tgz",
      "integrity": "sha512-m3LX2bChm3E3by4mQrH4YwCAFY57QBzuUSWqlUw7ChuZ+oLLOq7b2czi4i6L4Vna67j3eCmB3e+4tqy1j5wy7Q==",
      "license": "MIT",
      "peer": true,
      "dependencies": {
        "@solana/errors": "5.5.1",
        "@solana/rpc-spec-types": "5.5.1"
      },
      "engines": {
        "node": ">=20.18.0"
      },
      "peerDependencies": {
        "typescript": "^5.0.0"
      },
      "peerDependenciesMeta": {
        "typescript": {
          "optional": true
        }
      }
    },
    "node_modules/@solana/rpc-spec-types": {
      "version": "5.5.1",
      "resolved": "https://registry.npmjs.org/@solana/rpc-spec-types/-/rpc-spec-types-5.5.1.tgz",
      "integrity": "sha512-6OFKtRpIEJQs8Jb2C4OO8KyP2h2Hy1MFhatMAoXA+0Ik8S3H+CicIuMZvGZ91mIu/tXicuOOsNNLu3HAkrakrw==",
      "license": "MIT",
      "peer": true,
      "engines": {
        "node": ">=20.18.0"
      },
      "peerDependencies": {
        "typescript": "^5.0.0"
      },
      "peerDependenciesMeta": {
        "typescript": {
          "optional": true
        }
      }
    },
    "node_modules/@solana/rpc-subscriptions": {
      "version": "5.5.1",
      "resolved": "https://registry.npmjs.org/@solana/rpc-subscriptions/-/rpc-subscriptions-5.5.1.tgz",
      "integrity": "sha512-CTMy5bt/6mDh4tc6vUJms9EcuZj3xvK0/xq8IQ90rhkpYvate91RjBP+egvjgSayUg9yucU9vNuUpEjz4spM7w==",
      "license": "MIT",
      "peer": true,
      "dependencies": {
        "@solana/errors": "5.5.1",
        "@solana/fast-stable-stringify": "5.5.1",
        "@solana/functional": "5.5.1",
        "@solana/promises": "5.5.1",
        "@solana/rpc-spec-types": "5.5.1",
        "@solana/rpc-subscriptions-api": "5.5.1",
        "@solana/rpc-subscriptions-channel-websocket": "5.5.1",
        "@solana/rpc-subscriptions-spec": "5.5.1",
        "@solana/rpc-transformers": "5.5.1",
        "@solana/rpc-types": "5.5.1",
        "@solana/subscribable": "5.5.1"
      },
      "engines": {
        "node": ">=20.18.0"
      },
      "peerDependencies": {
        "typescript": "^5.0.0"
      },
      "peerDependenciesMeta": {
        "typescript": {
          "optional": true
        }
      }
    },
    "node_modules/@solana/rpc-subscriptions-api": {
      "version": "5.5.1",
      "resolved": "https://registry.npmjs.org/@solana/rpc-subscriptions-api/-/rpc-subscriptions-api-5.5.1.tgz",
      "integrity": "sha512-5Oi7k+GdeS8xR2ly1iuSFkAv6CZqwG0Z6b1QZKbEgxadE1XGSDrhM2cn59l+bqCozUWCqh4c/A2znU/qQjROlw==",
      "license": "MIT",
      "peer": true,
      "dependencies": {
        "@solana/addresses": "5.5.1",
        "@solana/keys": "5.5.1",
        "@solana/rpc-subscriptions-spec": "5.5.1",
        "@solana/rpc-transformers": "5.5.1",
        "@solana/rpc-types": "5.5.1",
        "@solana/transaction-messages": "5.5.1",
        "@solana/transactions": "5.5.1"
      },
      "engines": {
        "node": ">=20.18.0"
      },
      "peerDependencies": {
        "typescript": "^5.0.0"
      },
      "peerDependenciesMeta": {
        "typescript": {
          "optional": true
        }
      }
    },
    "node_modules/@solana/rpc-subscriptions-channel-websocket": {
      "version": "5.5.1",
      "resolved": "https://registry.npmjs.org/@solana/rpc-subscriptions-channel-websocket/-/rpc-subscriptions-channel-websocket-5.5.1.tgz",
      "integrity": "sha512-7tGfBBrYY8TrngOyxSHoCU5shy86iA9SRMRrPSyBhEaZRAk6dnbdpmUTez7gtdVo0BCvh9nzQtUycKWSS7PnFQ==",
      "license": "MIT",
      "peer": true,
      "dependencies": {
        "@solana/errors": "5.5.1",
        "@solana/functional": "5.5.1",
        "@solana/rpc-subscriptions-spec": "5.5.1",
        "@solana/subscribable": "5.5.1",
        "ws": "^8.19.0"
      },
      "engines": {
        "node": ">=20.18.0"
      },
      "peerDependencies": {
        "typescript": "^5.0.0"
      },
      "peerDependenciesMeta": {
        "typescript": {
          "optional": true
        }
      }
    },
    "node_modules/@solana/rpc-subscriptions-channel-websocket/node_modules/ws": {
      "version": "8.20.0",
      "resolved": "https://registry.npmjs.org/ws/-/ws-8.20.0.tgz",
      "integrity": "sha512-sAt8BhgNbzCtgGbt2OxmpuryO63ZoDk/sqaB/znQm94T4fCEsy/yV+7CdC1kJhOU9lboAEU7R3kquuycDoibVA==",
      "license": "MIT",
      "peer": true,
      "engines": {
        "node": ">=10.0.0"
      },
      "peerDependencies": {
        "bufferutil": "^4.0.1",
        "utf-8-validate": ">=5.0.2"
      },
      "peerDependenciesMeta": {
        "bufferutil": {
          "optional": true
        },
        "utf-8-validate": {
          "optional": true
        }
      }
    },
    "node_modules/@solana/rpc-subscriptions-spec": {
      "version": "5.5.1",
      "resolved": "https://registry.npmjs.org/@solana/rpc-subscriptions-spec/-/rpc-subscriptions-spec-5.5.1.tgz",
      "integrity": "sha512-iq+rGq5fMKP3/mKHPNB6MC8IbVW41KGZg83Us/+LE3AWOTWV1WT20KT2iH1F1ik9roi42COv/TpoZZvhKj45XQ==",
      "license": "MIT",
      "peer": true,
      "dependencies": {
        "@solana/errors": "5.5.1",
        "@solana/promises": "5.5.1",
        "@solana/rpc-spec-types": "5.5.1",
        "@solana/subscribable": "5.5.1"
      },
      "engines": {
        "node": ">=20.18.0"
      },
      "peerDependencies": {
        "typescript": "^5.0.0"
      },
      "peerDependenciesMeta": {
        "typescript": {
          "optional": true
        }
      }
    },
    "node_modules/@solana/rpc-transformers": {
      "version": "5.5.1",
      "resolved": "https://registry.npmjs.org/@solana/rpc-transformers/-/rpc-transformers-5.5.1.tgz",
      "integrity": "sha512-OsWqLCQdcrRJKvHiMmwFhp9noNZ4FARuMkHT5us3ustDLXaxOjF0gfqZLnMkulSLcKt7TGXqMhBV+HCo7z5M8Q==",
      "license": "MIT",
      "peer": true,
      "dependencies": {
        "@solana/errors": "5.5.1",
        "@solana/functional": "5.5.1",
        "@solana/nominal-types": "5.5.1",
        "@solana/rpc-spec-types": "5.5.1",
        "@solana/rpc-types": "5.5.1"
      },
      "engines": {
        "node": ">=20.18.0"
      },
      "peerDependencies": {
        "typescript": "^5.0.0"
      },
      "peerDependenciesMeta": {
        "typescript": {
          "optional": true
        }
      }
    },
    "node_modules/@solana/rpc-transport-http": {
      "version": "5.5.1",
      "resolved": "https://registry.npmjs.org/@solana/rpc-transport-http/-/rpc-transport-http-5.5.1.tgz",
      "integrity": "sha512-yv8GoVSHqEV0kUJEIhkdOVkR2SvJ6yoWC51cJn2rSV7plr6huLGe0JgujCmB7uZhhaLbcbP3zxXxu9sOjsi7Fg==",
      "license": "MIT",
      "peer": true,
      "dependencies": {
        "@solana/errors": "5.5.1",
        "@solana/rpc-spec": "5.5.1",
        "@solana/rpc-spec-types": "5.5.1",
        "undici-types": "^7.19.2"
      },
      "engines": {
        "node": ">=20.18.0"
      },
      "peerDependencies": {
        "typescript": "^5.0.0"
      },
      "peerDependenciesMeta": {
        "typescript": {
          "optional": true
        }
      }
    },
    "node_modules/@solana/rpc-types": {
      "version": "5.5.1",
      "resolved": "https://registry.npmjs.org/@solana/rpc-types/-/rpc-types-5.5.1.tgz",
      "integrity": "sha512-bibTFQ7PbHJJjGJPmfYC2I+/5CRFS4O2p9WwbFraX1Keeel+nRrt/NBXIy8veP5AEn2sVJIyJPpWBRpCx1oATA==",
      "license": "MIT",
      "peer": true,
      "dependencies": {
        "@solana/addresses": "5.5.1",
        "@solana/codecs-core": "5.5.1",
        "@solana/codecs-numbers": "5.5.1",
        "@solana/codecs-strings": "5.5.1",
        "@solana/errors": "5.5.1",
        "@solana/nominal-types": "5.5.1"
      },
      "engines": {
        "node": ">=20.18.0"
      },
      "peerDependencies": {
        "typescript": "^5.0.0"
      },
      "peerDependenciesMeta": {
        "typescript": {
          "optional": true
        }
      }
    },
    "node_modules/@solana/signers": {
      "version": "5.5.1",
      "resolved": "https://registry.npmjs.org/@solana/signers/-/signers-5.5.1.tgz",
      "integrity": "sha512-FY0IVaBT2kCAze55vEieR6hag4coqcuJ31Aw3hqRH7mv6sV8oqwuJmUrx+uFwOp1gwd5OEAzlv6N4hOOple4sQ==",
      "license": "MIT",
      "peer": true,
      "dependencies": {
        "@solana/addresses": "5.5.1",
        "@solana/codecs-core": "5.5.1",
        "@solana/errors": "5.5.1",
        "@solana/instructions": "5.5.1",
        "@solana/keys": "5.5.1",
        "@solana/nominal-types": "5.5.1",
        "@solana/offchain-messages": "5.5.1",
        "@solana/transaction-messages": "5.5.1",
        "@solana/transactions": "5.5.1"
      },
      "engines": {
        "node": ">=20.18.0"
      },
      "peerDependencies": {
        "typescript": "^5.0.0"
      },
      "peerDependenciesMeta": {
        "typescript": {
          "optional": true
        }
      }
    },
    "node_modules/@solana/subscribable": {
      "version": "5.5.1",
      "resolved": "https://registry.npmjs.org/@solana/subscribable/-/subscribable-5.5.1.tgz",
      "integrity": "sha512-9K0PsynFq0CsmK1CDi5Y2vUIJpCqkgSS5yfDN0eKPgHqEptLEaia09Kaxc90cSZDZU5mKY/zv1NBmB6Aro9zQQ==",
      "license": "MIT",
      "peer": true,
      "dependencies": {
        "@solana/errors": "5.5.1"
      },
      "engines": {
        "node": ">=20.18.0"
      },
      "peerDependencies": {
        "typescript": "^5.0.0"
      },
      "peerDependenciesMeta": {
        "typescript": {
          "optional": true
        }
      }
    },
    "node_modules/@solana/sysvars": {
      "version": "5.5.1",
      "resolved": "https://registry.npmjs.org/@solana/sysvars/-/sysvars-5.5.1.tgz",
      "integrity": "sha512-k3Quq87Mm+geGUu1GWv6knPk0ALsfY6EKSJGw9xUJDHzY/RkYSBnh0RiOrUhtFm2TDNjOailg8/m0VHmi3reFA==",
      "license": "MIT",
      "peer": true,
      "dependencies": {
        "@solana/accounts": "5.5.1",
        "@solana/codecs": "5.5.1",
        "@solana/errors": "5.5.1",
        "@solana/rpc-types": "5.5.1"
      },
      "engines": {
        "node": ">=20.18.0"
      },
      "peerDependencies": {
        "typescript": "^5.0.0"
      },
      "peerDependenciesMeta": {
        "typescript": {
          "optional": true
        }
      }
    },
    "node_modules/@solana/transaction-confirmation": {
      "version": "5.5.1",
      "resolved": "https://registry.npmjs.org/@solana/transaction-confirmation/-/transaction-confirmation-5.5.1.tgz",
      "integrity": "sha512-j4mKlYPHEyu+OD7MBt3jRoX4ScFgkhZC6H65on4Fux6LMScgivPJlwnKoZMnsgxFgWds0pl+BYzSiALDsXlYtw==",
      "license": "MIT",
      "peer": true,
      "dependencies": {
        "@solana/addresses": "5.5.1",
        "@solana/codecs-strings": "5.5.1",
        "@solana/errors": "5.5.1",
        "@solana/keys": "5.5.1",
        "@solana/promises": "5.5.1",
        "@solana/rpc": "5.5.1",
        "@solana/rpc-subscriptions": "5.5.1",
        "@solana/rpc-types": "5.5.1",
        "@solana/transaction-messages": "5.5.1",
        "@solana/transactions": "5.5.1"
      },
      "engines": {
        "node": ">=20.18.0"
      },
      "peerDependencies": {
        "typescript": "^5.0.0"
      },
      "peerDependenciesMeta": {
        "typescript": {
          "optional": true
        }
      }
    },
    "node_modules/@solana/transaction-messages": {
      "version": "5.5.1",
      "resolved": "https://registry.npmjs.org/@solana/transaction-messages/-/transaction-messages-5.5.1.tgz",
      "integrity": "sha512-aXyhMCEaAp3M/4fP0akwBBQkFPr4pfwoC5CLDq999r/FUwDax2RE/h4Ic7h2Xk+JdcUwsb+rLq85Y52hq84XvQ==",
      "license": "MIT",
      "peer": true,
      "dependencies": {
        "@solana/addresses": "5.5.1",
        "@solana/codecs-core": "5.5.1",
        "@solana/codecs-data-structures": "5.5.1",
        "@solana/codecs-numbers": "5.5.1",
        "@solana/errors": "5.5.1",
        "@solana/functional": "5.5.1",
        "@solana/instructions": "5.5.1",
        "@solana/nominal-types": "5.5.1",
        "@solana/rpc-types": "5.5.1"
      },
      "engines": {
        "node": ">=20.18.0"
      },
      "peerDependencies": {
        "typescript": "^5.0.0"
      },
      "peerDependenciesMeta": {
        "typescript": {
          "optional": true
        }
      }
    },
    "node_modules/@solana/transactions": {
      "version": "5.5.1",
      "resolved": "https://registry.npmjs.org/@solana/transactions/-/transactions-5.5.1.tgz",
      "integrity": "sha512-8hHtDxtqalZ157pnx6p8k10D7J/KY/biLzfgh9R09VNLLY3Fqi7kJvJCr7M2ik3oRll56pxhraAGCC9yIT6eOA==",
      "license": "MIT",
      "peer": true,
      "dependencies": {
        "@solana/addresses": "5.5.1",
        "@solana/codecs-core": "5.5.1",
        "@solana/codecs-data-structures": "5.5.1",
        "@solana/codecs-numbers": "5.5.1",
        "@solana/codecs-strings": "5.5.1",
        "@solana/errors": "5.5.1",
        "@solana/functional": "5.5.1",
        "@solana/instructions": "5.5.1",
        "@solana/keys": "5.5.1",
        "@solana/nominal-types": "5.5.1",
        "@solana/rpc-types": "5.5.1",
        "@solana/transaction-messages": "5.5.1"
      },
      "engines": {
        "node": ">=20.18.0"
      },
      "peerDependencies": {
        "typescript": "^5.0.0"
      },
      "peerDependenciesMeta": {
        "typescript": {
          "optional": true
        }
      }
    },
    "node_modules/@x402/core": {
      "version": "2.7.0",
      "resolved": "https://registry.npmjs.org/@x402/core/-/core-2.7.0.tgz",
      "integrity": "sha512-2l1QaRO50qtWpnTJed45HtGRAUp3z2Mep1caNCuaNBzeiE8OfWfuXmip+ujgp3vWZHxRqag221aRSnKbA6gDaQ==",
      "license": "Apache-2.0",
      "dependencies": {
        "zod": "^3.24.2"
      }
    },
    "node_modules/@x402/evm": {
      "version": "2.7.0",
      "resolved": "https://registry.npmjs.org/@x402/evm/-/evm-2.7.0.tgz",
      "integrity": "sha512-085gqcu1ljaomMaitGx2KeQmHVe6ZyaFTT1UFZjhmHdBlNe+jNb+Moa4O1JTMyVNbbNCAZ2M1Do+LqVnAK4OIA==",
      "license": "Apache-2.0",
      "dependencies": {
        "@x402/core": "~2.7.0",
        "viem": "^2.39.3",
        "zod": "^3.24.2"
      }
    },
    "node_modules/@x402/fetch": {
      "version": "2.7.0",
      "resolved": "https://registry.npmjs.org/@x402/fetch/-/fetch-2.7.0.tgz",
      "integrity": "sha512-hkJvoVtYjybkhLk1K2kRB0aVVWaxz43qYBSGZo0wgnUuIUXzmArGohhM/VfG8kVqcl+NDIuCD8tFiKSONr9X6A==",
      "license": "Apache-2.0",
      "dependencies": {
        "@x402/core": "~2.7.0",
        "viem": "^2.39.3",
        "zod": "^3.24.2"
      }
    },
    "node_modules/@x402/svm": {
      "version": "2.8.0",
      "resolved": "https://registry.npmjs.org/@x402/svm/-/svm-2.8.0.tgz",
      "integrity": "sha512-kDkFU9pYR+/j3JUoK9OyaRD6jGF9FtbRMHoGD122J9bwTfkaWc9+f4QVnVBASK6+5DBz7X8bC0/bLrGhMpXiSg==",
      "license": "Apache-2.0",
      "dependencies": {
        "@solana-program/compute-budget": "^0.11.0",
        "@solana-program/token": "^0.9.0",
        "@solana-program/token-2022": "^0.6.1",
        "@x402/core": "~2.8.0"
      },
      "peerDependencies": {
        "@solana/kit": ">=5.1.0"
      }
    },
    "node_modules/@x402/svm/node_modules/@x402/core": {
      "version": "2.8.0",
      "resolved": "https://registry.npmjs.org/@x402/core/-/core-2.8.0.tgz",
      "integrity": "sha512-ppsvSzyWzlqG+26dcNzOXo/YLaHreWc3lmdv9W81mEhLDWMdPpiGyRjSUyO9BQFuQJMQppvqA7ujUbLE/EaDkg==",
      "license": "Apache-2.0",
      "dependencies": {
        "zod": "^3.24.2"
      }
    },
    "node_modules/abitype": {
      "version": "1.2.3",
      "resolved": "https://registry.npmjs.org/abitype/-/abitype-1.2.3.tgz",
      "integrity": "sha512-Ofer5QUnuUdTFsBRwARMoWKOH1ND5ehwYhJ3OJ/BQO+StkwQjHw0XyVh4vDttzHB7QOFhPHa/o413PJ82gU/Tg==",
      "license": "MIT",
      "funding": {
        "url": "https://github.com/sponsors/wevm"
      },
      "peerDependencies": {
        "typescript": ">=5.0.4",
        "zod": "^3.22.0 || ^4.0.0"
      },
      "peerDependenciesMeta": {
        "typescript": {
          "optional": true
        },
        "zod": {
          "optional": true
        }
      }
    },
    "node_modules/chalk": {
      "version": "5.6.2",
      "resolved": "https://registry.npmjs.org/chalk/-/chalk-5.6.2.tgz",
      "integrity": "sha512-7NzBL0rN6fMUW+f7A6Io4h40qQlG+xGmtMxfbnH/K7TAtt8JQWVQK+6g0UXKMeVJoyV5EkkNsErQ8pVD3bLHbA==",
      "license": "MIT",
      "peer": true,
      "engines": {
        "node": "^12.17.0 || ^14.13 || >=16.0.0"
      },
      "funding": {
        "url": "https://github.com/chalk/chalk?sponsor=1"
      }
    },
    "node_modules/commander": {
      "version": "14.0.2",
      "resolved": "https://registry.npmjs.org/commander/-/commander-14.0.2.tgz",
      "integrity": "sha512-TywoWNNRbhoD0BXs1P3ZEScW8W5iKrnbithIl0YH+uCmBd0QpPOA8yc82DS3BIE5Ma6FnBVUsJ7wVUDz4dvOWQ==",
      "license": "MIT",
      "peer": true,
      "engines": {
        "node": ">=20"
      }
    },
    "node_modules/eventemitter3": {
      "version": "5.0.1",
      "resolved": "https://registry.npmjs.org/eventemitter3/-/eventemitter3-5.0.1.tgz",
      "integrity": "sha512-GWkBvjiSZK87ELrYOSESUYeVIc9mvLLf/nXalMOS5dYrgZq9o5OVkbZAVM06CVxYsCwH9BDZFPlQTlPA1j4ahA==",
      "license": "MIT"
    },
    "node_modules/isows": {
      "version": "1.0.7",
      "resolved": "https://registry.npmjs.org/isows/-/isows-1.0.7.tgz",
      "integrity": "sha512-I1fSfDCZL5P0v33sVqeTDSpcstAg/N+wF5HS033mogOVIp4B+oHC7oOCsA3axAbBSGTJ8QubbNmnIRN/h8U7hg==",
      "funding": [
        {
          "type": "github",
          "url": "https://github.com/sponsors/wevm"
        }
      ],
      "license": "MIT",
      "peerDependencies": {
        "ws": "*"
      }
    },
    "node_modules/ox": {
      "version": "0.14.5",
      "resolved": "https://registry.npmjs.org/ox/-/ox-0.14.5.tgz",
      "integrity": "sha512-HgmHmBveYO40H/R3K6TMrwYtHsx/u6TAB+GpZlgJCoW0Sq5Ttpjih0IZZiwGQw7T6vdW4IAyobYrE2mdAvyF8Q==",
      "funding": [
        {
          "type": "github",
          "url": "https://github.com/sponsors/wevm"
        }
      ],
      "license": "MIT",
      "dependencies": {
        "@adraffy/ens-normalize": "^1.11.0",
        "@noble/ciphers": "^1.3.0",
        "@noble/curves": "1.9.1",
        "@noble/hashes": "^1.8.0",
        "@scure/bip32": "^1.7.0",
        "@scure/bip39": "^1.6.0",
        "abitype": "^1.2.3",
        "eventemitter3": "5.0.1"
      },
      "peerDependencies": {
        "typescript": ">=5.4.0"
      },
      "peerDependenciesMeta": {
        "typescript": {
          "optional": true
        }
      }
    },
    "node_modules/undici-types": {
      "version": "7.24.7",
      "resolved": "https://registry.npmjs.org/undici-types/-/undici-types-7.24.7.tgz",
      "integrity": "sha512-XA+gOBkzYD3C74sZowtCLTpgtaCdqZhqCvR6y9LXvrKTt/IVU6bz49T4D+BPi475scshCCkb0IklJRw6T1ZlgQ==",
      "license": "MIT",
      "peer": true
    },
    "node_modules/viem": {
      "version": "2.47.5",
      "resolved": "https://registry.npmjs.org/viem/-/viem-2.47.5.tgz",
      "integrity": "sha512-nVrJEQ8GL4JoVIrMBF3wwpTUZun0cpojfnOZ+96GtDWhqxZkVdy6vOEgu+jwfXqfTA/+wrR+YsN9TBQmhDUk0g==",
      "funding": [
        {
          "type": "github",
          "url": "https://github.com/sponsors/wevm"
        }
      ],
      "license": "MIT",
      "dependencies": {
        "@noble/curves": "1.9.1",
        "@noble/hashes": "1.8.0",
        "@scure/bip32": "1.7.0",
        "@scure/bip39": "1.6.0",
        "abitype": "1.2.3",
        "isows": "1.0.7",
        "ox": "0.14.5",
        "ws": "8.18.3"
      },
      "peerDependencies": {
        "typescript": ">=5.0.4"
      },
      "peerDependenciesMeta": {
        "typescript": {
          "optional": true
        }
      }
    },
    "node_modules/ws": {
      "version": "8.18.3",
      "resolved": "https://registry.npmjs.org/ws/-/ws-8.18.3.tgz",
      "integrity": "sha512-PEIGCY5tSlUt50cqyMXfCzX+oOPqN0vuGqWzbcJ2xvnkzkq46oOpz7dQaTDBdfICb4N14+GARUDw2XV2N4tvzg==",
      "license": "MIT",
      "engines": {
        "node": ">=10.0.0"
      },
      "peerDependencies": {
        "bufferutil": "^4.0.1",
        "utf-8-validate": ">=5.0.2"
      },
      "peerDependenciesMeta": {
        "bufferutil": {
          "optional": true
        },
        "utf-8-validate": {
          "optional": true
        }
      }
    },
    "node_modules/zod": {
      "version": "3.25.76",
      "resolved": "https://registry.npmjs.org/zod/-/zod-3.25.76.tgz",
      "integrity": "sha512-gzUt/qt81nXsFGKIFcC3YnfEAx5NkunCfnDlvuBSSFS02bcXu4Lmea0AFIUwbLWxWPx3d9p8S5QoaujKcNQxcQ==",
      "license": "MIT",
      "funding": {
        "url": "https://github.com/sponsors/colinhacks"
      }
    }
  }
}
